
Microsoft Visual Studio Solution File, Format Version 12.00
# Visual Studio Version 16
VisualStudioVersion = 16.0.31624.102
MinimumVisualStudioVersion = 10.0.40219.1
Project("{FAE04EC0-301F-11D3-BF4B-00C04F79EFBC}") = "Change", "Change\Change.csproj", "{D5C8D608-AA6E-43AB-B97D-364CCD2DDB3D}"
EndProject
Global
	GlobalSection(SolutionConfigurationPlatforms) = preSolution
		Debug|Any CPU = Debug|Any CPU
		Release|Any CPU = Release|Any CPU
	EndGlobalSection
	GlobalSection(ProjectConfigurationPlatforms) = postSolution
		{D5C8D608-AA6E-43AB-B97D-364CCD2DDB3D}.Debug|Any CPU.ActiveCfg = Debug|Any CPU
		{D5C8D608-AA6E-43AB-B97D-364CCD2DDB3D}.Debug|Any CPU.Build.0 = Debug|Any CPU
		{D5C8D608-AA6E-43AB-B97D-364CCD2DDB3D}.Release|Any CPU.ActiveCfg = Release|Any CPU
		{D5C8D608-AA6E-43AB-B97D-364CCD2DDB3D}.Release|Any CPU.Build.0 = Release|Any CPU
	EndGlobalSection
	GlobalSection(SolutionProperties) = preSolution
		HideSolutionNode = FALSE
	EndGlobalSection
	GlobalSection(ExtensibilityGlobals) = postSolution
		SolutionGuid = {8A57BA3A-B85B-481E-8A3C-A42CD619E405}
	EndGlobalSection
EndGlobal
